
Microsoft Visual Studio Solution File, Format Version 12.00
# Visual Studio 2015
Project("{FAE04EC0-301F-11D3-BF4B-00C04F79EFBC}") = "Sokoban Project.Plugins", "Sokoban Project.Plugins.csproj", "{06EA8145-685D-543D-A7CF-C5AED985001B}"
EndProject
Project("{FAE04EC0-301F-11D3-BF4B-00C04F79EFBC}") = "Sokoban Project", "Sokoban Project.csproj", "{93156BDE-8AF1-7E0C-508B-309D018BF4AD}"
EndProject
Project("{FAE04EC0-301F-11D3-BF4B-00C04F79EFBC}") = "Sokoban Project.Editor", "Sokoban Project.Editor.csproj", "{E308ED39-AC2C-3350-A624-AB7263806D77}"
EndProject
Global
	GlobalSection(SolutionConfigurationPlatforms) = preSolution
		Debug|Any CPU = Debug|Any CPU
		Release|Any CPU = Release|Any CPU
	EndGlobalSection
	GlobalSection(ProjectConfigurationPlatforms) = postSolution
		{06EA8145-685D-543D-A7CF-C5AED985001B}.Debug|Any CPU.ActiveCfg = Debug|Any CPU
		{06EA8145-685D-543D-A7CF-C5AED985001B}.Debug|Any CPU.Build.0 = Debug|Any CPU
		{06EA8145-685D-543D-A7CF-C5AED985001B}.Release|Any CPU.ActiveCfg = Release|Any CPU
		{06EA8145-685D-543D-A7CF-C5AED985001B}.Release|Any CPU.Build.0 = Release|Any CPU
		{93156BDE-8AF1-7E0C-508B-309D018BF4AD}.Debug|Any CPU.ActiveCfg = Debug|Any CPU
		{93156BDE-8AF1-7E0C-508B-309D018BF4AD}.Debug|Any CPU.Build.0 = Debug|Any CPU
		{93156BDE-8AF1-7E0C-508B-309D018BF4AD}.Release|Any CPU.ActiveCfg = Release|Any CPU
		{93156BDE-8AF1-7E0C-508B-309D018BF4AD}.Release|Any CPU.Build.0 = Release|Any CPU
		{E308ED39-AC2C-3350-A624-AB7263806D77}.Debug|Any CPU.ActiveCfg = Debug|Any CPU
		{E308ED39-AC2C-3350-A624-AB7263806D77}.Debug|Any CPU.Build.0 = Debug|Any CPU
		{E308ED39-AC2C-3350-A624-AB7263806D77}.Release|Any CPU.ActiveCfg = Release|Any CPU
		{E308ED39-AC2C-3350-A624-AB7263806D77}.Release|Any CPU.Build.0 = Release|Any CPU
	EndGlobalSection
	GlobalSection(SolutionProperties) = preSolution
		HideSolutionNode = FALSE
	EndGlobalSection
EndGlobal
